
Microsoft Visual Studio Solution File, Format Version 12.00
# Visual Studio Version 16
VisualStudioVersion = 16.0.29728.190
MinimumVisualStudioVersion = 10.0.40219.1
Project("{FAE04EC0-301F-11D3-BF4B-00C04F79EFBC}") = "ASP.NETApplication", "WebApplication1\ASP.NETApplication.csproj", "{664B663A-0B5D-49E2-8999-458D3E202DFD}"
EndProject
Global
	GlobalSection(SolutionConfigurationPlatforms) = preSolution
		Debug|Any CPU = Debug|Any CPU
		Release|Any CPU = Release|Any CPU
	EndGlobalSection
	GlobalSection(ProjectConfigurationPlatforms) = postSolution
		{664B663A-0B5D-49E2-8999-458D3E202DFD}.Debug|Any CPU.ActiveCfg = Debug|Any CPU
		{664B663A-0B5D-49E2-8999-458D3E202DFD}.Debug|Any CPU.Build.0 = Debug|Any CPU
		{664B663A-0B5D-49E2-8999-458D3E202DFD}.Release|Any CPU.ActiveCfg = Release|Any CPU
		{664B663A-0B5D-49E2-8999-458D3E202DFD}.Release|Any CPU.Build.0 = Release|Any CPU
	EndGlobalSection
	GlobalSection(SolutionProperties) = preSolution
		HideSolutionNode = FALSE
	EndGlobalSection
	GlobalSection(ExtensibilityGlobals) = postSolution
		SolutionGuid = {E1C2E7F0-2CD9-456D-A7EC-3184239783DF}
	EndGlobalSection
EndGlobal
